// !$*UTF8*$!
{
	archiveVersion = 1;
	classes = {
	};
	objectVersion = 56;
	objects = {

/* Begin PBXBuildFile section */
		8D4C962D2BD999BA00B39976 /* MockedCreditScoreService.swift in Sources */ = {isa = PBXBuildFile; fileRef = 8D4C962C2BD999BA00B39976 /* MockedCreditScoreService.swift */; };
		8DBD558F2BD35B2F00CEF757 /* LoanAppApp.swift in Sources */ = {isa = PBXBuildFile; fileRef = 8DBD558E2BD35B2F00CEF757 /* LoanAppApp.swift */; };
		8DBD55912BD35B2F00CEF757 /* ContentView.swift in Sources */ = {isa = PBXBuildFile; fileRef = 8DBD55902BD35B2F00CEF757 /* ContentView.swift */; };
		8DBD55932BD35B3100CEF757 /* Assets.xcassets in Resources */ = {isa = PBXBuildFile; fileRef = 8DBD55922BD35B3100CEF757 /* Assets.xcassets */; };
		8DBD55962BD35B3100CEF757 /* Preview Assets.xcassets in Resources */ = {isa = PBXBuildFile; fileRef = 8DBD55952BD35B3100CEF757 /* Preview Assets.xcassets */; };
		8DBD55A32BD35B9D00CEF757 /* LoanAppTests.swift in Sources */ = {isa = PBXBuildFile; fileRef = 8DBD55A22BD35B9D00CEF757 /* LoanAppTests.swift */; };
		8DBD55AB2BD35BBF00CEF757 /* APRService.swift in Sources */ = {isa = PBXBuildFile; fileRef = 8DBD55AA2BD35BBF00CEF757 /* APRService.swift */; };
		8DBD55AD2BD3605D00CEF757 /* credit-score-response.json in Resources */ = {isa = PBXBuildFile; fileRef = 8DBD55AC2BD3605D00CEF757 /* credit-score-response.json */; };
		8DC0324D2BD57D1B00C9D230 /* MockedCreditScoreService.swift in Sources */ = {isa = PBXBuildFile; fileRef = 8DC0324C2BD57D1B00C9D230 /* MockedCreditScoreService.swift */; };
		8DC032502BD57DCB00C9D230 /* CreditScoreResponse.swift in Sources */ = {isa = PBXBuildFile; fileRef = 8DC0324F2BD57DCB00C9D230 /* CreditScoreResponse.swift */; };
		8DC032532BD5853800C9D230 /* CreditScoreError.swift in Sources */ = {isa = PBXBuildFile; fileRef = 8DC032522BD5853800C9D230 /* CreditScoreError.swift */; };
		8DC4E3BE2BDC6D8700F0CDA1 /* RegistrationScreen.swift in Sources */ = {isa = PBXBuildFile; fileRef = 8DC4E3BD2BDC6D8700F0CDA1 /* RegistrationScreen.swift */; };
		8DC4E3C12BDC6E6200F0CDA1 /* String+Extensions.swift in Sources */ = {isa = PBXBuildFile; fileRef = 8DC4E3C02BDC6E6200F0CDA1 /* String+Extensions.swift */; };
		8DC4E3C32BDC6EF300F0CDA1 /* RegistrationScreenTests.swift in Sources */ = {isa = PBXBuildFile; fileRef = 8DC4E3C22BDC6EF300F0CDA1 /* RegistrationScreenTests.swift */; };
		8DD4C5C82BD9522B0056FE9C /* LoanAppUITests.swift in Sources */ = {isa = PBXBuildFile; fileRef = 8DD4C5C72BD9522B0056FE9C /* LoanAppUITests.swift */; };
/* End PBXBuildFile section */

/* Begin PBXContainerItemProxy section */
		8DBD55A42BD35B9D00CEF757 /* PBXContainerItemProxy */ = {
			isa = PBXContainerItemProxy;
			containerPortal = 8DBD55832BD35B2F00CEF757 /* Project object */;
			proxyType = 1;
			remoteGlobalIDString = 8DBD558A2BD35B2F00CEF757;
			remoteInfo = LoanApp;
		};
		8DD4C5CB2BD9522B0056FE9C /* PBXContainerItemProxy */ = {
			isa = PBXContainerItemProxy;
			containerPortal = 8DBD55832BD35B2F00CEF757 /* Project object */;
			proxyType = 1;
			remoteGlobalIDString = 8DBD558A2BD35B2F00CEF757;
			remoteInfo = LoanApp;
		};
/* End PBXContainerItemProxy section */

/* Begin PBXFileReference section */
		8D4C962C2BD999BA00B39976 /* MockedCreditScoreService.swift */ = {isa = PBXFileReference; lastKnownFileType = sourcecode.swift; path = MockedCreditScoreService.swift; sourceTree = "<group>"; };
		8DBD558B2BD35B2F00CEF757 /* LoanApp.app */ = {isa = PBXFileReference; explicitFileType = wrapper.application; includeInIndex = 0; path = LoanApp.app; sourceTree = BUILT_PRODUCTS_DIR; };
		8DBD558E2BD35B2F00CEF757 /* LoanAppApp.swift */ = {isa = PBXFileReference; lastKnownFileType = sourcecode.swift; path = LoanAppApp.swift; sourceTree = "<group>"; };
		8DBD55902BD35B2F00CEF757 /* ContentView.swift */ = {isa = PBXFileReference; lastKnownFileType = sourcecode.swift; path = ContentView.swift; sourceTree = "<group>"; };
		8DBD55922BD35B3100CEF757 /* Assets.xcassets */ = {isa = PBXFileReference; lastKnownFileType = folder.assetcatalog; path = Assets.xcassets; sourceTree = "<group>"; };
		8DBD55952BD35B3100CEF757 /* Preview Assets.xcassets */ = {isa = PBXFileReference; lastKnownFileType = folder.assetcatalog; path = "Preview Assets.xcassets"; sourceTree = "<group>"; };
		8DBD55A02BD35B9D00CEF757 /* LoanAppTests.xctest */ = {isa = PBXFileReference; explicitFileType = wrapper.cfbundle; includeInIndex = 0; path = LoanAppTests.xctest; sourceTree = BUILT_PRODUCTS_DIR; };
		8DBD55A22BD35B9D00CEF757 /* LoanAppTests.swift */ = {isa = PBXFileReference; lastKnownFileType = sourcecode.swift; path = LoanAppTests.swift; sourceTree = "<group>"; };
		8DBD55AA2BD35BBF00CEF757 /* APRService.swift */ = {isa = PBXFileReference; lastKnownFileType = sourcecode.swift; path = APRService.swift; sourceTree = "<group>"; };
		8DBD55AC2BD3605D00CEF757 /* credit-score-response.json */ = {isa = PBXFileReference; lastKnownFileType = text.json; path = "credit-score-response.json"; sourceTree = "<group>"; };
		8DC0324C2BD57D1B00C9D230 /* MockedCreditScoreService.swift */ = {isa = PBXFileReference; lastKnownFileType = sourcecode.swift; path = MockedCreditScoreService.swift; sourceTree = "<group>"; };
		8DC0324F2BD57DCB00C9D230 /* CreditScoreResponse.swift */ = {isa = PBXFileReference; lastKnownFileType = sourcecode.swift; path = CreditScoreResponse.swift; sourceTree = "<group>"; };
		8DC032522BD5853800C9D230 /* CreditScoreError.swift */ = {isa = PBXFileReference; lastKnownFileType = sourcecode.swift; path = CreditScoreError.swift; sourceTree = "<group>"; };
		8DC4E3BD2BDC6D8700F0CDA1 /* RegistrationScreen.swift */ = {isa = PBXFileReference; lastKnownFileType = sourcecode.swift; path = RegistrationScreen.swift; sourceTree = "<group>"; };
		8DC4E3C02BDC6E6200F0CDA1 /* String+Extensions.swift */ = {isa = PBXFileReference; lastKnownFileType = sourcecode.swift; path = "String+Extensions.swift"; sourceTree = "<group>"; };
		8DC4E3C22BDC6EF300F0CDA1 /* RegistrationScreenTests.swift */ = {isa = PBXFileReference; lastKnownFileType = sourcecode.swift; path = RegistrationScreenTests.swift; sourceTree = "<group>"; };
		8DD4C5C52BD9522B0056FE9C /* LoanAppUITests.xctest */ = {isa = PBXFileReference; explicitFileType = wrapper.cfbundle; includeInIndex = 0; path = LoanAppUITests.xctest; sourceTree = BUILT_PRODUCTS_DIR; };
		8DD4C5C72BD9522B0056FE9C /* LoanAppUITests.swift */ = {isa = PBXFileReference; lastKnownFileType = sourcecode.swift; path = LoanAppUITests.swift; sourceTree = "<group>"; };
/* End PBXFileReference section */

/* Begin PBXFrameworksBuildPhase section */
		8DBD55882BD35B2F00CEF757 /* Frameworks */ = {
			isa = PBXFrameworksBuildPhase;
			buildActionMask = 2147483647;
			files = (
			);
			runOnlyForDeploymentPostprocessing = 0;
		};
		8DBD559D2BD35B9D00CEF757 /* Frameworks */ = {
			isa = PBXFrameworksBuildPhase;
			buildActionMask = 2147483647;
			files = (
			);
			runOnlyForDeploymentPostprocessing = 0;
		};
		8DD4C5C22BD9522B0056FE9C /* Frameworks */ = {
			isa = PBXFrameworksBuildPhase;
			buildActionMask = 2147483647;
			files = (
			);
			runOnlyForDeploymentPostprocessing = 0;
		};
/* End PBXFrameworksBuildPhase section */

/* Begin PBXGroup section */
		8DBD55822BD35B2F00CEF757 = {
			isa = PBXGroup;
			children = (
				8DBD558D2BD35B2F00CEF757 /* LoanApp */,
				8DBD55A12BD35B9D00CEF757 /* LoanAppTests */,
				8DD4C5C62BD9522B0056FE9C /* LoanAppUITests */,
				8DBD558C2BD35B2F00CEF757 /* Products */,
			);
			sourceTree = "<group>";
		};
		8DBD558C2BD35B2F00CEF757 /* Products */ = {
			isa = PBXGroup;
			children = (
				8DBD558B2BD35B2F00CEF757 /* LoanApp.app */,
				8DBD55A02BD35B9D00CEF757 /* LoanAppTests.xctest */,
				8DD4C5C52BD9522B0056FE9C /* LoanAppUITests.xctest */,
			);
			name = Products;
			sourceTree = "<group>";
		};
		8DBD558D2BD35B2F00CEF757 /* LoanApp */ = {
			isa = PBXGroup;
			children = (
				8DC4E3BF2BDC6E4500F0CDA1 /* Extensions */,
				8DC4E3BC2BDC6D7B00F0CDA1 /* Screens */,
				8DC032512BD5852A00C9D230 /* Custom Errors */,
				8DC0324E2BD57DBF00C9D230 /* Models */,
				8DBD55A92BD35BB200CEF757 /* Services */,
				8DBD558E2BD35B2F00CEF757 /* LoanAppApp.swift */,
				8DBD55902BD35B2F00CEF757 /* ContentView.swift */,
				8DBD55922BD35B3100CEF757 /* Assets.xcassets */,
				8DBD55942BD35B3100CEF757 /* Preview Content */,
			);
			path = LoanApp;
			sourceTree = "<group>";
		};
		8DBD55942BD35B3100CEF757 /* Preview Content */ = {
			isa = PBXGroup;
			children = (
				8DBD55952BD35B3100CEF757 /* Preview Assets.xcassets */,
				8D4C962C2BD999BA00B39976 /* MockedCreditScoreService.swift */,
			);
			path = "Preview Content";
			sourceTree = "<group>";
		};
		8DBD55A12BD35B9D00CEF757 /* LoanAppTests */ = {
			isa = PBXGroup;
			children = (
				8DBD55A22BD35B9D00CEF757 /* LoanAppTests.swift */,
				8DBD55AC2BD3605D00CEF757 /* credit-score-response.json */,
				8DC0324C2BD57D1B00C9D230 /* MockedCreditScoreService.swift */,
				8DC4E3C22BDC6EF300F0CDA1 /* RegistrationScreenTests.swift */,
			);
			path = LoanAppTests;
			sourceTree = "<group>";
		};
		8DBD55A92BD35BB200CEF757 /* Services */ = {
			isa = PBXGroup;
			children = (
				8DBD55AA2BD35BBF00CEF757 /* APRService.swift */,
			);
			path = Services;
			sourceTree = "<group>";
		};
		8DC0324E2BD57DBF00C9D230 /* Models */ = {
			isa = PBXGroup;
			children = (
				8DC0324F2BD57DCB00C9D230 /* CreditScoreResponse.swift */,
			);
			path = Models;
			sourceTree = "<group>";
		};
		8DC032512BD5852A00C9D230 /* Custom Errors */ = {
			isa = PBXGroup;
			children = (
				8DC032522BD5853800C9D230 /* CreditScoreError.swift */,
			);
			path = "Custom Errors";
			sourceTree = "<group>";
		};
		8DC4E3BC2BDC6D7B00F0CDA1 /* Screens */ = {
			isa = PBXGroup;
			children = (
				8DC4E3BD2BDC6D8700F0CDA1 /* RegistrationScreen.swift */,
			);
			path = Screens;
			sourceTree = "<group>";
		};
		8DC4E3BF2BDC6E4500F0CDA1 /* Extensions */ = {
			isa = PBXGroup;
			children = (
				8DC4E3C02BDC6E6200F0CDA1 /* String+Extensions.swift */,
			);
			path = Extensions;
			sourceTree = "<group>";
		};
		8DD4C5C62BD9522B0056FE9C /* LoanAppUITests */ = {
			isa = PBXGroup;
			children = (
				8DD4C5C72BD9522B0056FE9C /* LoanAppUITests.swift */,
			);
			path = LoanAppUITests;
			sourceTree = "<group>";
		};
/* End PBXGroup section */

/* Begin PBXNativeTarget section */
		8DBD558A2BD35B2F00CEF757 /* LoanApp */ = {
			isa = PBXNativeTarget;
			buildConfigurationList = 8DBD55992BD35B3100CEF757 /* Build configuration list for PBXNativeTarget "LoanApp" */;
			buildPhases = (
				8DBD55872BD35B2F00CEF757 /* Sources */,
				8DBD55882BD35B2F00CEF757 /* Frameworks */,
				8DBD55892BD35B2F00CEF757 /* Resources */,
			);
			buildRules = (
			);
			dependencies = (
			);
			name = LoanApp;
			productName = LoanApp;
			productReference = 8DBD558B2BD35B2F00CEF757 /* LoanApp.app */;
			productType = "com.apple.product-type.application";
		};
		8DBD559F2BD35B9D00CEF757 /* LoanAppTests */ = {
			isa = PBXNativeTarget;
			buildConfigurationList = 8DBD55A62BD35B9D00CEF757 /* Build configuration list for PBXNativeTarget "LoanAppTests" */;
			buildPhases = (
				8DBD559C2BD35B9D00CEF757 /* Sources */,
				8DBD559D2BD35B9D00CEF757 /* Frameworks */,
				8DBD559E2BD35B9D00CEF757 /* Resources */,
			);
			buildRules = (
			);
			dependencies = (
				8DBD55A52BD35B9D00CEF757 /* PBXTargetDependency */,
			);
			name = LoanAppTests;
			productName = LoanAppTests;
			productReference = 8DBD55A02BD35B9D00CEF757 /* LoanAppTests.xctest */;
			productType = "com.apple.product-type.bundle.unit-test";
		};
		8DD4C5C42BD9522B0056FE9C /* LoanAppUITests */ = {
			isa = PBXNativeTarget;
			buildConfigurationList = 8DD4C5CF2BD9522B0056FE9C /* Build configuration list for PBXNativeTarget "LoanAppUITests" */;
			buildPhases = (
				8DD4C5C12BD9522B0056FE9C /* Sources */,
				8DD4C5C22BD9522B0056FE9C /* Frameworks */,
				8DD4C5C32BD9522B0056FE9C /* Resources */,
			);
			buildRules = (
			);
			dependencies = (
				8DD4C5CC2BD9522B0056FE9C /* PBXTargetDependency */,
			);
			name = LoanAppUITests;
			productName = LoanAppUITests;
			productReference = 8DD4C5C52BD9522B0056FE9C /* LoanAppUITests.xctest */;
			productType = "com.apple.product-type.bundle.ui-testing";
		};
/* End PBXNativeTarget section */

/* Begin PBXProject section */
		8DBD55832BD35B2F00CEF757 /* Project object */ = {
			isa = PBXProject;
			attributes = {
				BuildIndependentTargetsInParallel = 1;
				LastSwiftUpdateCheck = 1520;
				LastUpgradeCheck = 1520;
				TargetAttributes = {
					8DBD558A2BD35B2F00CEF757 = {
						CreatedOnToolsVersion = 15.2;
					};
					8DBD559F2BD35B9D00CEF757 = {
						CreatedOnToolsVersion = 15.2;
						TestTargetID = 8DBD558A2BD35B2F00CEF757;
					};
					8DD4C5C42BD9522B0056FE9C = {
						CreatedOnToolsVersion = 15.2;
						TestTargetID = 8DBD558A2BD35B2F00CEF757;
					};
				};
			};
			buildConfigurationList = 8DBD55862BD35B2F00CEF757 /* Build configuration list for PBXProject "LoanApp" */;
			compatibilityVersion = "Xcode 14.0";
			developmentRegion = en;
			hasScannedForEncodings = 0;
			knownRegions = (
				en,
				Base,
			);
			mainGroup = 8DBD55822BD35B2F00CEF757;
			productRefGroup = 8DBD558C2BD35B2F00CEF757 /* Products */;
			projectDirPath = "";
			projectRoot = "";
			targets = (
				8DBD558A2BD35B2F00CEF757 /* LoanApp */,
				8DBD559F2BD35B9D00CEF757 /* LoanAppTests */,
				8DD4C5C42BD9522B0056FE9C /* LoanAppUITests */,
			);
		};
/* End PBXProject section */

/* Begin PBXResourcesBuildPhase section */
		8DBD55892BD35B2F00CEF757 /* Resources */ = {
			isa = PBXResourcesBuildPhase;
			buildActionMask = 2147483647;
			files = (
				8DBD55962BD35B3100CEF757 /* Preview Assets.xcassets in Resources */,
				8DBD55932BD35B3100CEF757 /* Assets.xcassets in Resources */,
			);
			runOnlyForDeploymentPostprocessing = 0;
		};
		8DBD559E2BD35B9D00CEF757 /* Resources */ = {
			isa = PBXResourcesBuildPhase;
			buildActionMask = 2147483647;
			files = (
				8DBD55AD2BD3605D00CEF757 /* credit-score-response.json in Resources */,
			);
			runOnlyForDeploymentPostprocessing = 0;
		};
		8DD4C5C32BD9522B0056FE9C /* Resources */ = {
			isa = PBXResourcesBuildPhase;
			buildActionMask = 2147483647;
			files = (
			);
			runOnlyForDeploymentPostprocessing = 0;
		};
/* End PBXResourcesBuildPhase section */

/* Begin PBXSourcesBuildPhase section */
		8DBD55872BD35B2F00CEF757 /* Sources */ = {
			isa = PBXSourcesBuildPhase;
			buildActionMask = 2147483647;
			files = (
				8DC4E3BE2BDC6D8700F0CDA1 /* RegistrationScreen.swift in Sources */,
				8DBD55912BD35B2F00CEF757 /* ContentView.swift in Sources */,
				8DBD55AB2BD35BBF00CEF757 /* APRService.swift in Sources */,
				8DC032502BD57DCB00C9D230 /* CreditScoreResponse.swift in Sources */,
				8DC4E3C12BDC6E6200F0CDA1 /* String+Extensions.swift in Sources */,
				8D4C962D2BD999BA00B39976 /* MockedCreditScoreService.swift in Sources */,
				8DC032532BD5853800C9D230 /* CreditScoreError.swift in Sources */,
				8DBD558F2BD35B2F00CEF757 /* LoanAppApp.swift in Sources */,
			);
			runOnlyForDeploymentPostprocessing = 0;
		};
		8DBD559C2BD35B9D00CEF757 /* Sources */ = {
			isa = PBXSourcesBuildPhase;
			buildActionMask = 2147483647;
			files = (
				8DBD55A32BD35B9D00CEF757 /* LoanAppTests.swift in Sources */,
				8DC4E3C32BDC6EF300F0CDA1 /* RegistrationScreenTests.swift in Sources */,
				8DC0324D2BD57D1B00C9D230 /* MockedCreditScoreService.swift in Sources */,
			);
			runOnlyForDeploymentPostprocessing = 0;
		};
		8DD4C5C12BD9522B0056FE9C /* Sources */ = {
			isa = PBXSourcesBuildPhase;
			buildActionMask = 2147483647;
			files = (
				8DD4C5C82BD9522B0056FE9C /* LoanAppUITests.swift in Sources */,
			);
			runOnlyForDeploymentPostprocessing = 0;
		};
/* End PBXSourcesBuildPhase section */

/* Begin PBXTargetDependency section */
		8DBD55A52BD35B9D00CEF757 /* PBXTargetDependency */ = {
			isa = PBXTargetDependency;
			target = 8DBD558A2BD35B2F00CEF757 /* LoanApp */;
			targetProxy = 8DBD55A42BD35B9D00CEF757 /* PBXContainerItemProxy */;
		};
		8DD4C5CC2BD9522B0056FE9C /* PBXTargetDependency */ = {
			isa = PBXTargetDependency;
			target = 8DBD558A2BD35B2F00CEF757 /* LoanApp */;
			targetProxy = 8DD4C5CB2BD9522B0056FE9C /* PBXContainerItemProxy */;
		};
/* End PBXTargetDependency section */

/* Begin XCBuildConfiguration section */
		8DBD55972BD35B3100CEF757 /* Debug */ = {
			isa = XCBuildConfiguration;
			buildSettings = {
				ALWAYS_SEARCH_USER_PATHS = NO;
				ASSETCATALOG_COMPILER_GENERATE_SWIFT_ASSET_SYMBOL_EXTENSIONS = YES;
				CLANG_ANALYZER_NONNULL = YES;
				CLANG_ANALYZER_NUMBER_OBJECT_CONVERSION = YES_AGGRESSIVE;
				CLANG_CXX_LANGUAGE_STANDARD = "gnu++20";
				CLANG_ENABLE_MODULES = YES;
				CLANG_ENABLE_OBJC_ARC = YES;
				CLANG_ENABLE_OBJC_WEAK = YES;
				CLANG_WARN_BLOCK_CAPTURE_AUTORELEASING = YES;
				CLANG_WARN_BOOL_CONVERSION = YES;
				CLANG_WARN_COMMA = YES;
				CLANG_WARN_CONSTANT_CONVERSION = YES;
				CLANG_WARN_DEPRECATED_OBJC_IMPLEMENTATIONS = YES;
				CLANG_WARN_DIRECT_OBJC_ISA_USAGE = YES_ERROR;
				CLANG_WARN_DOCUMENTATION_COMMENTS = YES;
				CLANG_WARN_EMPTY_BODY = YES;
				CLANG_WARN_ENUM_CONVERSION = YES;
				CLANG_WARN_INFINITE_RECURSION = YES;
				CLANG_WARN_INT_CONVERSION = YES;
				CLANG_WARN_NON_LITERAL_NULL_CONVERSION = YES;
				CLANG_WARN_OBJC_IMPLICIT_RETAIN_SELF = YES;
				CLANG_WARN_OBJC_LITERAL_CONVERSION = YES;
				CLANG_WARN_OBJC_ROOT_CLASS = YES_ERROR;
				CLANG_WARN_QUOTED_INCLUDE_IN_FRAMEWORK_HEADER = YES;
				CLANG_WARN_RANGE_LOOP_ANALYSIS = YES;
				CLANG_WARN_STRICT_PROTOTYPES = YES;
				CLANG_WARN_SUSPICIOUS_MOVE = YES;
				CLANG_WARN_UNGUARDED_AVAILABILITY = YES_AGGRESSIVE;
				CLANG_WARN_UNREACHABLE_CODE = YES;
				CLANG_WARN__DUPLICATE_METHOD_MATCH = YES;
				COPY_PHASE_STRIP = NO;
				DEBUG_INFORMATION_FORMAT = dwarf;
				ENABLE_STRICT_OBJC_MSGSEND = YES;
				ENABLE_TESTABILITY = YES;
				ENABLE_USER_SCRIPT_SANDBOXING = YES;
				GCC_C_LANGUAGE_STANDARD = gnu17;
				GCC_DYNAMIC_NO_PIC = NO;
				GCC_NO_COMMON_BLOCKS = YES;
				GCC_OPTIMIZATION_LEVEL = 0;
				GCC_PREPROCESSOR_DEFINITIONS = (
					"DEBUG=1",
					"$(inherited)",
				);
				GCC_WARN_64_TO_32_BIT_CONVERSION = YES;
				GCC_WARN_ABOUT_RETURN_TYPE = YES_ERROR;
				GCC_WARN_UNDECLARED_SELECTOR = YES;
				GCC_WARN_UNINITIALIZED_AUTOS = YES_AGGRESSIVE;
				GCC_WARN_UNUSED_FUNCTION = YES;
				GCC_WARN_UNUSED_VARIABLE = YES;
				IPHONEOS_DEPLOYMENT_TARGET = 17.2;
				LOCALIZATION_PREFERS_STRING_CATALOGS = YES;
				MTL_ENABLE_DEBUG_INFO = INCLUDE_SOURCE;
				MTL_FAST_MATH = YES;
				ONLY_ACTIVE_ARCH = YES;
				SDKROOT = iphoneos;
				SWIFT_ACTIVE_COMPILATION_CONDITIONS = "DEBUG $(inherited)";
				SWIFT_OPTIMIZATION_LEVEL = "-Onone";
			};
			name = Debug;
		};
		8DBD55982BD35B3100CEF757 /* Release */ = {
			isa = XCBuildConfiguration;
			buildSettings = {
				ALWAYS_SEARCH_USER_PATHS = NO;
				ASSETCATALOG_COMPILER_GENERATE_SWIFT_ASSET_SYMBOL_EXTENSIONS = YES;
				CLANG_ANALYZER_NONNULL = YES;
				CLANG_ANALYZER_NUMBER_OBJECT_CONVERSION = YES_AGGRESSIVE;
				CLANG_CXX_LANGUAGE_STANDARD = "gnu++20";
				CLANG_ENABLE_MODULES = YES;
				CLANG_ENABLE_OBJC_ARC = YES;
				CLANG_ENABLE_OBJC_WEAK = YES;
				CLANG_WARN_BLOCK_CAPTURE_AUTORELEASING = YES;
				CLANG_WARN_BOOL_CONVERSION = YES;
				CLANG_WARN_COMMA = YES;
				CLANG_WARN_CONSTANT_CONVERSION = YES;
				CLANG_WARN_DEPRECATED_OBJC_IMPLEMENTATIONS = YES;
				CLANG_WARN_DIRECT_OBJC_ISA_USAGE = YES_ERROR;
				CLANG_WARN_DOCUMENTATION_COMMENTS = YES;
				CLANG_WARN_EMPTY_BODY = YES;
				CLANG_WARN_ENUM_CONVERSION = YES;
				CLANG_WARN_INFINITE_RECURSION = YES;
				CLANG_WARN_INT_CONVERSION = YES;
				CLANG_WARN_NON_LITERAL_NULL_CONVERSION = YES;
				CLANG_WARN_OBJC_IMPLICIT_RETAIN_SELF = YES;
				CLANG_WARN_OBJC_LITERAL_CONVERSION = YES;
				CLANG_WARN_OBJC_ROOT_CLASS = YES_ERROR;
				CLANG_WARN_QUOTED_INCLUDE_IN_FRAMEWORK_HEADER = YES;
				CLANG_WARN_RANGE_LOOP_ANALYSIS = YES;
				CLANG_WARN_STRICT_PROTOTYPES = YES;
				CLANG_WARN_SUSPICIOUS_MOVE = YES;
				CLANG_WARN_UNGUARDED_AVAILABILITY = YES_AGGRESSIVE;
				CLANG_WARN_UNREACHABLE_CODE = YES;
				CLANG_WARN__DUPLICATE_METHOD_MATCH = YES;
				COPY_PHASE_STRIP = NO;
				DEBUG_INFORMATION_FORMAT = "dwarf-with-dsym";
				ENABLE_NS_ASSERTIONS = NO;
				ENABLE_STRICT_OBJC_MSGSEND = YES;
				ENABLE_USER_SCRIPT_SANDBOXING = YES;
				GCC_C_LANGUAGE_STANDARD = gnu17;
				GCC_NO_COMMON_BLOCKS = YES;
				GCC_WARN_64_TO_32_BIT_CONVERSION = YES;
				GCC_WARN_ABOUT_RETURN_TYPE = YES_ERROR;
				GCC_WARN_UNDECLARED_SELECTOR = YES;
				GCC_WARN_UNINITIALIZED_AUTOS = YES_AGGRESSIVE;
				GCC_WARN_UNUSED_FUNCTION = YES;
				GCC_WARN_UNUSED_VARIABLE = YES;
				IPHONEOS_DEPLOYMENT_TARGET = 17.2;
				LOCALIZATION_PREFERS_STRING_CATALOGS = YES;
				MTL_ENABLE_DEBUG_INFO = NO;
				MTL_FAST_MATH = YES;
				SDKROOT = iphoneos;
				SWIFT_COMPILATION_MODE = wholemodule;
				VALIDATE_PRODUCT = YES;
			};
			name = Release;
		};
		8DBD559A2BD35B3100CEF757 /* Debug */ = {
			isa = XCBuildConfiguration;
			buildSettings = {
				ASSETCATALOG_COMPILER_APPICON_NAME = AppIcon;
				ASSETCATALOG_COMPILER_GLOBAL_ACCENT_COLOR_NAME = AccentColor;
				CODE_SIGN_STYLE = Automatic;
				CURRENT_PROJECT_VERSION = 1;
				DEVELOPMENT_ASSET_PATHS = "\"LoanApp/Preview Content\"";
				DEVELOPMENT_TEAM = B2Q8EGNCQA;
				ENABLE_PREVIEWS = YES;
				GENERATE_INFOPLIST_FILE = YES;
				INFOPLIST_KEY_UIApplicationSceneManifest_Generation = YES;
				INFOPLIST_KEY_UIApplicationSupportsIndirectInputEvents = YES;
				INFOPLIST_KEY_UILaunchScreen_Generation = YES;
				INFOPLIST_KEY_UISupportedInterfaceOrientations_iPad = "UIInterfaceOrientationPortrait UIInterfaceOrientationPortraitUpsideDown UIInterfaceOrientationLandscapeLeft UIInterfaceOrientationLandscapeRight";
				INFOPLIST_KEY_UISupportedInterfaceOrientations_iPhone = "UIInterfaceOrientationPortrait UIInterfaceOrientationLandscapeLeft UIInterfaceOrientationLandscapeRight";
				LD_RUNPATH_SEARCH_PATHS = (
					"$(inherited)",
					"@executable_path/Frameworks",
				);
				MARKETING_VERSION = 1.0;
				PRODUCT_BUNDLE_IDENTIFIER = com.azamsharp.LoanApp;
				PRODUCT_NAME = "$(TARGET_NAME)";
				SWIFT_EMIT_LOC_STRINGS = YES;
				SWIFT_VERSION = 5.0;
				TARGETED_DEVICE_FAMILY = "1,2";
			};
			name = Debug;
		};
		8DBD559B2BD35B3100CEF757 /* Release */ = {
			isa = XCBuildConfiguration;
			buildSettings = {
				ASSETCATALOG_COMPILER_APPICON_NAME = AppIcon;
				ASSETCATALOG_COMPILER_GLOBAL_ACCENT_COLOR_NAME = AccentColor;
				CODE_SIGN_STYLE = Automatic;
				CURRENT_PROJECT_VERSION = 1;
				DEVELOPMENT_ASSET_PATHS = "\"LoanApp/Preview Content\"";
				DEVELOPMENT_TEAM = B2Q8EGNCQA;
				ENABLE_PREVIEWS = YES;
				GENERATE_INFOPLIST_FILE = YES;
				INFOPLIST_KEY_UIApplicationSceneManifest_Generation = YES;
				INFOPLIST_KEY_UIApplicationSupportsIndirectInputEvents = YES;
				INFOPLIST_KEY_UILaunchScreen_Generation = YES;
				INFOPLIST_KEY_UISupportedInterfaceOrientations_iPad = "UIInterfaceOrientationPortrait UIInterfaceOrientationPortraitUpsideDown UIInterfaceOrientationLandscapeLeft UIInterfaceOrientationLandscapeRight";
				INFOPLIST_KEY_UISupportedInterfaceOrientations_iPhone = "UIInterfaceOrientationPortrait UIInterfaceOrientationLandscapeLeft UIInterfaceOrientationLandscapeRight";
				LD_RUNPATH_SEARCH_PATHS = (
					"$(inherited)",
					"@executable_path/Frameworks",
				);
				MARKETING_VERSION = 1.0;
				PRODUCT_BUNDLE_IDENTIFIER = com.azamsharp.LoanApp;
				PRODUCT_NAME = "$(TARGET_NAME)";
				SWIFT_EMIT_LOC_STRINGS = YES;
				SWIFT_VERSION = 5.0;
				TARGETED_DEVICE_FAMILY = "1,2";
			};
			name = Release;
		};
		8DBD55A72BD35B9D00CEF757 /* Debug */ = {
			isa = XCBuildConfiguration;
			buildSettings = {
				BUNDLE_LOADER = "$(TEST_HOST)";
				CODE_SIGN_STYLE = Automatic;
				CURRENT_PROJECT_VERSION = 1;
				DEVELOPMENT_TEAM = B2Q8EGNCQA;
				GENERATE_INFOPLIST_FILE = YES;
				MARKETING_VERSION = 1.0;
				PRODUCT_BUNDLE_IDENTIFIER = com.azamsharp.LoanAppTests;
				PRODUCT_NAME = "$(TARGET_NAME)";
				SWIFT_EMIT_LOC_STRINGS = NO;
				SWIFT_VERSION = 5.0;
				TARGETED_DEVICE_FAMILY = "1,2";
				TEST_HOST = "$(BUILT_PRODUCTS_DIR)/LoanApp.app/$(BUNDLE_EXECUTABLE_FOLDER_PATH)/LoanApp";
			};
			name = Debug;
		};
		8DBD55A82BD35B9D00CEF757 /* Release */ = {
			isa = XCBuildConfiguration;
			buildSettings = {
				BUNDLE_LOADER = "$(TEST_HOST)";
				CODE_SIGN_STYLE = Automatic;
				CURRENT_PROJECT_VERSION = 1;
				DEVELOPMENT_TEAM = B2Q8EGNCQA;
				GENERATE_INFOPLIST_FILE = YES;
				MARKETING_VERSION = 1.0;
				PRODUCT_BUNDLE_IDENTIFIER = com.azamsharp.LoanAppTests;
				PRODUCT_NAME = "$(TARGET_NAME)";
				SWIFT_EMIT_LOC_STRINGS = NO;
				SWIFT_VERSION = 5.0;
				TARGETED_DEVICE_FAMILY = "1,2";
				TEST_HOST = "$(BUILT_PRODUCTS_DIR)/LoanApp.app/$(BUNDLE_EXECUTABLE_FOLDER_PATH)/LoanApp";
			};
			name = Release;
		};
		8DD4C5CD2BD9522B0056FE9C /* Debug */ = {
			isa = XCBuildConfiguration;
			buildSettings = {
				CODE_SIGN_STYLE = Automatic;
				CURRENT_PROJECT_VERSION = 1;
				DEVELOPMENT_TEAM = B2Q8EGNCQA;
				GENERATE_INFOPLIST_FILE = YES;
				MARKETING_VERSION = 1.0;
				PRODUCT_BUNDLE_IDENTIFIER = com.azamsharp.LoanAppUITests;
				PRODUCT_NAME = "$(TARGET_NAME)";
				SWIFT_EMIT_LOC_STRINGS = NO;
				SWIFT_VERSION = 5.0;
				TARGETED_DEVICE_FAMILY = "1,2";
				TEST_TARGET_NAME = LoanApp;
			};
			name = Debug;
		};
		8DD4C5CE2BD9522B0056FE9C /* Release */ = {
			isa = XCBuildConfiguration;
			buildSettings = {
				CODE_SIGN_STYLE = Automatic;
				CURRENT_PROJECT_VERSION = 1;
				DEVELOPMENT_TEAM = B2Q8EGNCQA;
				GENERATE_INFOPLIST_FILE = YES;
				MARKETING_VERSION = 1.0;
				PRODUCT_BUNDLE_IDENTIFIER = com.azamsharp.LoanAppUITests;
				PRODUCT_NAME = "$(TARGET_NAME)";
				SWIFT_EMIT_LOC_STRINGS = NO;
				SWIFT_VERSION = 5.0;
				TARGETED_DEVICE_FAMILY = "1,2";
				TEST_TARGET_NAME = LoanApp;
			};
			name = Release;
		};
/* End XCBuildConfiguration section */

/* Begin XCConfigurationList section */
		8DBD55862BD35B2F00CEF757 /* Build configuration list for PBXProject "LoanApp" */ = {
			isa = XCConfigurationList;
			buildConfigurations = (
				8DBD55972BD35B3100CEF757 /* Debug */,
				8DBD55982BD35B3100CEF757 /* Release */,
			);
			defaultConfigurationIsVisible = 0;
			defaultConfigurationName = Release;
		};
		8DBD55992BD35B3100CEF757 /* Build configuration list for PBXNativeTarget "LoanApp" */ = {
			isa = XCConfigurationList;
			buildConfigurations = (
				8DBD559A2BD35B3100CEF757 /* Debug */,
				8DBD559B2BD35B3100CEF757 /* Release */,
			);
			defaultConfigurationIsVisible = 0;
			defaultConfigurationName = Release;
		};
		8DBD55A62BD35B9D00CEF757 /* Build configuration list for PBXNativeTarget "LoanAppTests" */ = {
			isa = XCConfigurationList;
			buildConfigurations = (
				8DBD55A72BD35B9D00CEF757 /* Debug */,
				8DBD55A82BD35B9D00CEF757 /* Release */,
			);
			defaultConfigurationIsVisible = 0;
			defaultConfigurationName = Release;
		};
		8DD4C5CF2BD9522B0056FE9C /* Build configuration list for PBXNativeTarget "LoanAppUITests" */ = {
			isa = XCConfigurationList;
			buildConfigurations = (
				8DD4C5CD2BD9522B0056FE9C /* Debug */,
				8DD4C5CE2BD9522B0056FE9C /* Release */,
			);
			defaultConfigurationIsVisible = 0;
			defaultConfigurationName = Release;
		};
/* End XCConfigurationList section */
	};
	rootObject = 8DBD55832BD35B2F00CEF757 /* Project object */;
}
